
Microsoft Visual Studio Solution File, Format Version 12.00
# Visual Studio 15
VisualStudioVersion = 15.0.28307.421
MinimumVisualStudioVersion = 10.0.40219.1
Project("{FAE04EC0-301F-11D3-BF4B-00C04F79EFBC}") = "STPAR", "STPAR\STPAR.csproj", "{83FDFC7B-629E-470D-8ED1-8E5A15084370}"
EndProject
Global
	GlobalSection(SolutionConfigurationPlatforms) = preSolution
		Debug|Any CPU = Debug|Any CPU
		Release|Any CPU = Release|Any CPU
	EndGlobalSection
	GlobalSection(ProjectConfigurationPlatforms) = postSolution
		{83FDFC7B-629E-470D-8ED1-8E5A15084370}.Debug|Any CPU.ActiveCfg = Debug|Any CPU
		{83FDFC7B-629E-470D-8ED1-8E5A15084370}.Debug|Any CPU.Build.0 = Debug|Any CPU
		{83FDFC7B-629E-470D-8ED1-8E5A15084370}.Release|Any CPU.ActiveCfg = Release|Any CPU
		{83FDFC7B-629E-470D-8ED1-8E5A15084370}.Release|Any CPU.Build.0 = Release|Any CPU
	EndGlobalSection
	GlobalSection(SolutionProperties) = preSolution
		HideSolutionNode = FALSE
	EndGlobalSection
	GlobalSection(ExtensibilityGlobals) = postSolution
		SolutionGuid = {6BC96214-1C17-475F-BCF5-841FA9A5977C}
	EndGlobalSection
EndGlobal
